
Microsoft Visual Studio Solution File, Format Version 12.00
# Visual Studio 15
VisualStudioVersion = 15.0.28307.572
MinimumVisualStudioVersion = 10.0.40219.1
Project("{FAE04EC0-301F-11D3-BF4B-00C04F79EFBC}") = "Nodes", "NodesApp\Nodes.csproj", "{C717E57F-6011-4277-B960-8B5D70E6DF41}"
EndProject
Global
	GlobalSection(SolutionConfigurationPlatforms) = preSolution
		Debug|Any CPU = Debug|Any CPU
		Release|Any CPU = Release|Any CPU
	EndGlobalSection
	GlobalSection(ProjectConfigurationPlatforms) = postSolution
		{C717E57F-6011-4277-B960-8B5D70E6DF41}.Debug|Any CPU.ActiveCfg = Debug|Any CPU
		{C717E57F-6011-4277-B960-8B5D70E6DF41}.Debug|Any CPU.Build.0 = Debug|Any CPU
		{C717E57F-6011-4277-B960-8B5D70E6DF41}.Release|Any CPU.ActiveCfg = Release|Any CPU
		{C717E57F-6011-4277-B960-8B5D70E6DF41}.Release|Any CPU.Build.0 = Release|Any CPU
	EndGlobalSection
	GlobalSection(SolutionProperties) = preSolution
		HideSolutionNode = FALSE
	EndGlobalSection
	GlobalSection(ExtensibilityGlobals) = postSolution
		SolutionGuid = {72521310-8886-436B-B4C3-EC1426FC5FE4}
	EndGlobalSection
EndGlobal
